
Microsoft Visual Studio Solution File, Format Version 11.00
# Visual Studio 2010
Project("{FAE04EC0-301F-11D3-BF4B-00C04F79EFBC}") = "SimpleAI", "SimpleAI\SimpleAI.csproj", "{C8EF723E-6745-4E36-9442-FD57E74BA541}"
EndProject
Project("{FAE04EC0-301F-11D3-BF4B-00C04F79EFBC}") = "AmazonGame", "AmazonGame\AmazonGame.csproj", "{84CFAABB-E4FA-43EE-9449-265A9F19F014}"
EndProject
Global
	GlobalSection(SolutionConfigurationPlatforms) = preSolution
		Debug|Any CPU = Debug|Any CPU
		Release|Any CPU = Release|Any CPU
	EndGlobalSection
	GlobalSection(ProjectConfigurationPlatforms) = postSolution
		{84CFAABB-E4FA-43EE-9449-265A9F19F014}.Debug|Any CPU.ActiveCfg = Debug|Any CPU
		{84CFAABB-E4FA-43EE-9449-265A9F19F014}.Debug|Any CPU.Build.0 = Debug|Any CPU
		{84CFAABB-E4FA-43EE-9449-265A9F19F014}.Release|Any CPU.ActiveCfg = Release|Any CPU
		{84CFAABB-E4FA-43EE-9449-265A9F19F014}.Release|Any CPU.Build.0 = Release|Any CPU
		{C8EF723E-6745-4E36-9442-FD57E74BA541}.Debug|Any CPU.ActiveCfg = Debug|Any CPU
		{C8EF723E-6745-4E36-9442-FD57E74BA541}.Debug|Any CPU.Build.0 = Debug|Any CPU
		{C8EF723E-6745-4E36-9442-FD57E74BA541}.Release|Any CPU.ActiveCfg = Release|Any CPU
		{C8EF723E-6745-4E36-9442-FD57E74BA541}.Release|Any CPU.Build.0 = Release|Any CPU
	EndGlobalSection
	GlobalSection(MonoDevelopProperties) = preSolution
		StartupItem = SimpleAI\SimpleAI.csproj
	EndGlobalSection
EndGlobal
